
Microsoft Visual Studio Solution File, Format Version 12.00
# Visual Studio Version 17
VisualStudioVersion = 17.13.35931.197 d17.13
MinimumVisualStudioVersion = 10.0.40219.1
Project("{FAE04EC0-301F-11D3-BF4B-00C04F79EFBC}") = "LiveChat", "LiveChat\LiveChat.csproj", "{E15C2DAB-FBD0-4CE5-A5F1-02098B19DD58}"
EndProject
Global
	GlobalSection(SolutionConfigurationPlatforms) = preSolution
		Debug|Any CPU = Debug|Any CPU
		Release|Any CPU = Release|Any CPU
	EndGlobalSection
	GlobalSection(ProjectConfigurationPlatforms) = postSolution
		{E15C2DAB-FBD0-4CE5-A5F1-02098B19DD58}.Debug|Any CPU.ActiveCfg = Debug|Any CPU
		{E15C2DAB-FBD0-4CE5-A5F1-02098B19DD58}.Debug|Any CPU.Build.0 = Debug|Any CPU
		{E15C2DAB-FBD0-4CE5-A5F1-02098B19DD58}.Release|Any CPU.ActiveCfg = Release|Any CPU
		{E15C2DAB-FBD0-4CE5-A5F1-02098B19DD58}.Release|Any CPU.Build.0 = Release|Any CPU
	EndGlobalSection
	GlobalSection(SolutionProperties) = preSolution
		HideSolutionNode = FALSE
	EndGlobalSection
	GlobalSection(ExtensibilityGlobals) = postSolution
		SolutionGuid = {CA662C0C-70EA-450B-8B2C-FCB895CCDCB0}
	EndGlobalSection
EndGlobal
